// !$*UTF8*$!
{
	archiveVersion = 1;
	classes = {
	};
	objectVersion = 46;
	objects = {

/* Begin PBXBuildFile section */
		D44DBDA21C537B5D003DC32A /* AppDelegate.swift in Sources */ = {isa = PBXBuildFile; fileRef = D44DBDA11C537B5D003DC32A /* AppDelegate.swift */; };
		D44DBDA41C537B5D003DC32A /* ViewController.swift in Sources */ = {isa = PBXBuildFile; fileRef = D44DBDA31C537B5D003DC32A /* ViewController.swift */; };
		D44DBDA71C537B5D003DC32A /* Main.storyboard in Resources */ = {isa = PBXBuildFile; fileRef = D44DBDA51C537B5D003DC32A /* Main.storyboard */; };
		D44DBDA91C537B5D003DC32A /* Assets.xcassets in Resources */ = {isa = PBXBuildFile; fileRef = D44DBDA81C537B5D003DC32A /* Assets.xcassets */; };
		D44DBDAC1C537B5D003DC32A /* LaunchScreen.storyboard in Resources */ = {isa = PBXBuildFile; fileRef = D44DBDAA1C537B5D003DC32A /* LaunchScreen.storyboard */; };
		D44DBDB41C537C4D003DC32A /* FirstViewController.swift in Sources */ = {isa = PBXBuildFile; fileRef = D44DBDB31C537C4D003DC32A /* FirstViewController.swift */; };
		D490843E1C7AE7A800DB16D7 /* AppDelegate.swift in Sources */ = {isa = PBXBuildFile; fileRef = D490842C1C7AE7A800DB16D7 /* AppDelegate.swift */; };
		D490843F1C7AE7A800DB16D7 /* Assets.xcassets in Resources */ = {isa = PBXBuildFile; fileRef = D490842D1C7AE7A800DB16D7 /* Assets.xcassets */; };
		D49084401C7AE7A800DB16D7 /* LaunchScreen.storyboard in Resources */ = {isa = PBXBuildFile; fileRef = D490842E1C7AE7A800DB16D7 /* LaunchScreen.storyboard */; };
		D49084411C7AE7A800DB16D7 /* Main.storyboard in Resources */ = {isa = PBXBuildFile; fileRef = D49084301C7AE7A800DB16D7 /* Main.storyboard */; };
		D49084421C7AE7A800DB16D7 /* Common.swift in Sources */ = {isa = PBXBuildFile; fileRef = D49084321C7AE7A800DB16D7 /* Common.swift */; };
		D49084431C7AE7A800DB16D7 /* HealthManager.swift in Sources */ = {isa = PBXBuildFile; fileRef = D49084331C7AE7A800DB16D7 /* HealthManager.swift */; };
		D49084441C7AE7A800DB16D7 /* Info.plist in Resources */ = {isa = PBXBuildFile; fileRef = D49084341C7AE7A800DB16D7 /* Info.plist */; };
		D49084451C7AE7A800DB16D7 /* SwiftDemon.entitlements in Resources */ = {isa = PBXBuildFile; fileRef = D49084361C7AE7A800DB16D7 /* SwiftDemon.entitlements */; };
		D49084461C7AE7A800DB16D7 /* ViewController.swift in Sources */ = {isa = PBXBuildFile; fileRef = D49084371C7AE7A800DB16D7 /* ViewController.swift */; };
		D4CC1C7B1C7AD69D00744102 /* SummerBaseAnimation.swift in Sources */ = {isa = PBXBuildFile; fileRef = D4CC1C7A1C7AD69D00744102 /* SummerBaseAnimation.swift */; };
		D4CC1C7D1C7AE4CC00744102 /* SummerMask.swift in Sources */ = {isa = PBXBuildFile; fileRef = D4CC1C7C1C7AE4CC00744102 /* SummerMask.swift */; };
/* End PBXBuildFile section */

/* Begin PBXContainerItemProxy section */
		D49084481C7AE7A800DB16D7 /* PBXContainerItemProxy */ = {
			isa = PBXContainerItemProxy;
			containerPortal = D490843B1C7AE7A800DB16D7 /* SwiftDemon.xcodeproj */;
			proxyType = 2;
			remoteGlobalIDString = D46E41FA1C3F7EFC0096C189;
			remoteInfo = SwiftDemon;
		};
		D490844B1C7AE7A800DB16D7 /* PBXContainerItemProxy */ = {
			isa = PBXContainerItemProxy;
			containerPortal = D49084381C7AE7A800DB16D7 /* SwiftDemon.xcodeproj */;
			proxyType = 2;
			remoteGlobalIDString = D46E41FA1C3F7EFC0096C189;
			remoteInfo = SwiftDemon;
		};
/* End PBXContainerItemProxy section */

/* Begin PBXFileReference section */
		D44DBD9E1C537B5D003DC32A /* ViewsValue.app */ = {isa = PBXFileReference; explicitFileType = wrapper.application; includeInIndex = 0; path = ViewsValue.app; sourceTree = BUILT_PRODUCTS_DIR; };
		D44DBDA11C537B5D003DC32A /* AppDelegate.swift */ = {isa = PBXFileReference; lastKnownFileType = sourcecode.swift; path = AppDelegate.swift; sourceTree = "<group>"; };
		D44DBDA31C537B5D003DC32A /* ViewController.swift */ = {isa = PBXFileReference; lastKnownFileType = sourcecode.swift; path = ViewController.swift; sourceTree = "<group>"; };
		D44DBDA61C537B5D003DC32A /* Base */ = {isa = PBXFileReference; lastKnownFileType = file.storyboard; name = Base; path = Base.lproj/Main.storyboard; sourceTree = "<group>"; };
		D44DBDA81C537B5D003DC32A /* Assets.xcassets */ = {isa = PBXFileReference; lastKnownFileType = folder.assetcatalog; path = Assets.xcassets; sourceTree = "<group>"; };
		D44DBDAB1C537B5D003DC32A /* Base */ = {isa = PBXFileReference; lastKnownFileType = file.storyboard; name = Base; path = Base.lproj/LaunchScreen.storyboard; sourceTree = "<group>"; };
		D44DBDAD1C537B5D003DC32A /* Info.plist */ = {isa = PBXFileReference; lastKnownFileType = text.plist.xml; path = Info.plist; sourceTree = "<group>"; };
		D44DBDB31C537C4D003DC32A /* FirstViewController.swift */ = {isa = PBXFileReference; fileEncoding = 4; lastKnownFileType = sourcecode.swift; path = FirstViewController.swift; sourceTree = "<group>"; };
		D4558A061C5B44C500DF266E /* MyPlayground1.playground */ = {isa = PBXFileReference; lastKnownFileType = file.playground; path = MyPlayground1.playground; sourceTree = "<group>"; };
		D49084281C7AE7A800DB16D7 /* MyPlaygroundArrary.playground */ = {isa = PBXFileReference; lastKnownFileType = file.playground; path = MyPlaygroundArrary.playground; sourceTree = "<group>"; };
		D490842C1C7AE7A800DB16D7 /* AppDelegate.swift */ = {isa = PBXFileReference; fileEncoding = 4; lastKnownFileType = sourcecode.swift; path = AppDelegate.swift; sourceTree = "<group>"; };
		D490842D1C7AE7A800DB16D7 /* Assets.xcassets */ = {isa = PBXFileReference; lastKnownFileType = folder.assetcatalog; path = Assets.xcassets; sourceTree = "<group>"; };
		D490842F1C7AE7A800DB16D7 /* Base */ = {isa = PBXFileReference; lastKnownFileType = file.storyboard; name = Base; path = Base.lproj/LaunchScreen.storyboard; sourceTree = "<group>"; };
		D49084311C7AE7A800DB16D7 /* Base */ = {isa = PBXFileReference; lastKnownFileType = file.storyboard; name = Base; path = Base.lproj/Main.storyboard; sourceTree = "<group>"; };
		D49084321C7AE7A800DB16D7 /* Common.swift */ = {isa = PBXFileReference; fileEncoding = 4; lastKnownFileType = sourcecode.swift; path = Common.swift; sourceTree = "<group>"; };
		D49084331C7AE7A800DB16D7 /* HealthManager.swift */ = {isa = PBXFileReference; fileEncoding = 4; lastKnownFileType = sourcecode.swift; path = HealthManager.swift; sourceTree = "<group>"; };
		D49084341C7AE7A800DB16D7 /* Info.plist */ = {isa = PBXFileReference; fileEncoding = 4; lastKnownFileType = text.plist.xml; path = Info.plist; sourceTree = "<group>"; };
		D49084361C7AE7A800DB16D7 /* SwiftDemon.entitlements */ = {isa = PBXFileReference; fileEncoding = 4; lastKnownFileType = text.xml; path = SwiftDemon.entitlements; sourceTree = "<group>"; };
		D49084371C7AE7A800DB16D7 /* ViewController.swift */ = {isa = PBXFileReference; fileEncoding = 4; lastKnownFileType = sourcecode.swift; path = ViewController.swift; sourceTree = "<group>"; };
		D49084381C7AE7A800DB16D7 /* SwiftDemon.xcodeproj */ = {isa = PBXFileReference; lastKnownFileType = "wrapper.pb-project"; path = SwiftDemon.xcodeproj; sourceTree = "<group>"; };
		D490843B1C7AE7A800DB16D7 /* SwiftDemon.xcodeproj */ = {isa = PBXFileReference; lastKnownFileType = "wrapper.pb-project"; path = SwiftDemon.xcodeproj; sourceTree = "<group>"; };
		D490844D1C7AE82500DB16D7 /* MyPlaygroundArrary.playground */ = {isa = PBXFileReference; lastKnownFileType = file.playground; path = MyPlaygroundArrary.playground; sourceTree = "<group>"; };
		D4CC1C7A1C7AD69D00744102 /* SummerBaseAnimation.swift */ = {isa = PBXFileReference; fileEncoding = 4; lastKnownFileType = sourcecode.swift; path = SummerBaseAnimation.swift; sourceTree = "<group>"; };
		D4CC1C7C1C7AE4CC00744102 /* SummerMask.swift */ = {isa = PBXFileReference; fileEncoding = 4; lastKnownFileType = sourcecode.swift; path = SummerMask.swift; sourceTree = "<group>"; };
		D4D186051C5A11D100A3EC2D /* MyPlayground.playground */ = {isa = PBXFileReference; lastKnownFileType = file.playground; path = MyPlayground.playground; sourceTree = "<group>"; };
/* End PBXFileReference section */

/* Begin PBXFrameworksBuildPhase section */
		D44DBD9B1C537B5D003DC32A /* Frameworks */ = {
			isa = PBXFrameworksBuildPhase;
			buildActionMask = 2147483647;
			files = (
			);
			runOnlyForDeploymentPostprocessing = 0;
		};
/* End PBXFrameworksBuildPhase section */

/* Begin PBXGroup section */
		D44DBD951C537B5D003DC32A = {
			isa = PBXGroup;
			children = (
				D4D186051C5A11D100A3EC2D /* MyPlayground.playground */,
				D44DBDA01C537B5D003DC32A /* ViewsValue */,
				D44DBD9F1C537B5D003DC32A /* Products */,
			);
			sourceTree = "<group>";
		};
		D44DBD9F1C537B5D003DC32A /* Products */ = {
			isa = PBXGroup;
			children = (
				D44DBD9E1C537B5D003DC32A /* ViewsValue.app */,
			);
			name = Products;
			sourceTree = "<group>";
		};
		D44DBDA01C537B5D003DC32A /* ViewsValue */ = {
			isa = PBXGroup;
			children = (
				D44DBDA11C537B5D003DC32A /* AppDelegate.swift */,
				D4558A061C5B44C500DF266E /* MyPlayground1.playground */,
				D44DBDA31C537B5D003DC32A /* ViewController.swift */,
				D4CC1C7C1C7AE4CC00744102 /* SummerMask.swift */,
				D44DBDB31C537C4D003DC32A /* FirstViewController.swift */,
				D4CC1C7A1C7AD69D00744102 /* SummerBaseAnimation.swift */,
				D44DBDA51C537B5D003DC32A /* Main.storyboard */,
				D44DBDA81C537B5D003DC32A /* Assets.xcassets */,
				D44DBDAA1C537B5D003DC32A /* LaunchScreen.storyboard */,
				D44DBDAD1C537B5D003DC32A /* Info.plist */,
				D49084281C7AE7A800DB16D7 /* MyPlaygroundArrary.playground */,
				D49084291C7AE7A800DB16D7 /* SwiftDemon */,
				D490843B1C7AE7A800DB16D7 /* SwiftDemon.xcodeproj */,
			);
			path = ViewsValue;
			sourceTree = "<group>";
		};
		D49084291C7AE7A800DB16D7 /* SwiftDemon */ = {
			isa = PBXGroup;
			children = (
				D490842B1C7AE7A800DB16D7 /* SwiftDemon */,
				D49084381C7AE7A800DB16D7 /* SwiftDemon.xcodeproj */,
			);
			path = SwiftDemon;
			sourceTree = "<group>";
		};
		D490842B1C7AE7A800DB16D7 /* SwiftDemon */ = {
			isa = PBXGroup;
			children = (
				D490844D1C7AE82500DB16D7 /* MyPlaygroundArrary.playground */,
				D490842C1C7AE7A800DB16D7 /* AppDelegate.swift */,
				D490842D1C7AE7A800DB16D7 /* Assets.xcassets */,
				D490842E1C7AE7A800DB16D7 /* LaunchScreen.storyboard */,
				D49084301C7AE7A800DB16D7 /* Main.storyboard */,
				D49084321C7AE7A800DB16D7 /* Common.swift */,
				D49084331C7AE7A800DB16D7 /* HealthManager.swift */,
				D49084341C7AE7A800DB16D7 /* Info.plist */,
				D49084361C7AE7A800DB16D7 /* SwiftDemon.entitlements */,
				D49084371C7AE7A800DB16D7 /* ViewController.swift */,
			);
			path = SwiftDemon;
			sourceTree = "<group>";
		};
		D49084391C7AE7A800DB16D7 /* Products */ = {
			isa = PBXGroup;
			children = (
				D490844C1C7AE7A800DB16D7 /* SwiftDemon.app */,
			);
			name = Products;
			sourceTree = "<group>";
		};
		D490843C1C7AE7A800DB16D7 /* Products */ = {
			isa = PBXGroup;
			children = (
				D49084491C7AE7A800DB16D7 /* SwiftDemon.app */,
			);
			name = Products;
			sourceTree = "<group>";
		};
/* End PBXGroup section */

/* Begin PBXNativeTarget section */
		D44DBD9D1C537B5D003DC32A /* ViewsValue */ = {
			isa = PBXNativeTarget;
			buildConfigurationList = D44DBDB01C537B5D003DC32A /* Build configuration list for PBXNativeTarget "ViewsValue" */;
			buildPhases = (
				D44DBD9A1C537B5D003DC32A /* Sources */,
				D44DBD9B1C537B5D003DC32A /* Frameworks */,
				D44DBD9C1C537B5D003DC32A /* Resources */,
			);
			buildRules = (
			);
			dependencies = (
			);
			name = ViewsValue;
			productName = ViewsValue;
			productReference = D44DBD9E1C537B5D003DC32A /* ViewsValue.app */;
			productType = "com.apple.product-type.application";
		};
/* End PBXNativeTarget section */

/* Begin PBXProject section */
		D44DBD961C537B5D003DC32A /* Project object */ = {
			isa = PBXProject;
			attributes = {
				LastSwiftUpdateCheck = 0720;
				LastUpgradeCheck = 0720;
				ORGANIZATIONNAME = LiXia;
				TargetAttributes = {
					D44DBD9D1C537B5D003DC32A = {
						CreatedOnToolsVersion = 7.2;
					};
				};
			};
			buildConfigurationList = D44DBD991C537B5D003DC32A /* Build configuration list for PBXProject "ViewsValue" */;
			compatibilityVersion = "Xcode 3.2";
			developmentRegion = English;
			hasScannedForEncodings = 0;
			knownRegions = (
				en,
				Base,
			);
			mainGroup = D44DBD951C537B5D003DC32A;
			productRefGroup = D44DBD9F1C537B5D003DC32A /* Products */;
			projectDirPath = "";
			projectReferences = (
				{
					ProductGroup = D490843C1C7AE7A800DB16D7 /* Products */;
					ProjectRef = D490843B1C7AE7A800DB16D7 /* SwiftDemon.xcodeproj */;
				},
				{
					ProductGroup = D49084391C7AE7A800DB16D7 /* Products */;
					ProjectRef = D49084381C7AE7A800DB16D7 /* SwiftDemon.xcodeproj */;
				},
			);
			projectRoot = "";
			targets = (
				D44DBD9D1C537B5D003DC32A /* ViewsValue */,
			);
		};
/* End PBXProject section */

/* Begin PBXReferenceProxy section */
		D49084491C7AE7A800DB16D7 /* SwiftDemon.app */ = {
			isa = PBXReferenceProxy;
			fileType = wrapper.application;
			path = SwiftDemon.app;
			remoteRef = D49084481C7AE7A800DB16D7 /* PBXContainerItemProxy */;
			sourceTree = BUILT_PRODUCTS_DIR;
		};
		D490844C1C7AE7A800DB16D7 /* SwiftDemon.app */ = {
			isa = PBXReferenceProxy;
			fileType = wrapper.application;
			path = SwiftDemon.app;
			remoteRef = D490844B1C7AE7A800DB16D7 /* PBXContainerItemProxy */;
			sourceTree = BUILT_PRODUCTS_DIR;
		};
/* End PBXReferenceProxy section */

/* Begin PBXResourcesBuildPhase section */
		D44DBD9C1C537B5D003DC32A /* Resources */ = {
			isa = PBXResourcesBuildPhase;
			buildActionMask = 2147483647;
			files = (
				D44DBDAC1C537B5D003DC32A /* LaunchScreen.storyboard in Resources */,
				D49084451C7AE7A800DB16D7 /* SwiftDemon.entitlements in Resources */,
				D44DBDA91C537B5D003DC32A /* Assets.xcassets in Resources */,
				D490843F1C7AE7A800DB16D7 /* Assets.xcassets in Resources */,
				D49084411C7AE7A800DB16D7 /* Main.storyboard in Resources */,
				D49084401C7AE7A800DB16D7 /* LaunchScreen.storyboard in Resources */,
				D44DBDA71C537B5D003DC32A /* Main.storyboard in Resources */,
				D49084441C7AE7A800DB16D7 /* Info.plist in Resources */,
			);
			runOnlyForDeploymentPostprocessing = 0;
		};
/* End PBXResourcesBuildPhase section */

/* Begin PBXSourcesBuildPhase section */
		D44DBD9A1C537B5D003DC32A /* Sources */ = {
			isa = PBXSourcesBuildPhase;
			buildActionMask = 2147483647;
			files = (
				D490843E1C7AE7A800DB16D7 /* AppDelegate.swift in Sources */,
				D4CC1C7B1C7AD69D00744102 /* SummerBaseAnimation.swift in Sources */,
				D44DBDB41C537C4D003DC32A /* FirstViewController.swift in Sources */,
				D49084461C7AE7A800DB16D7 /* ViewController.swift in Sources */,
				D44DBDA41C537B5D003DC32A /* ViewController.swift in Sources */,
				D4CC1C7D1C7AE4CC00744102 /* SummerMask.swift in Sources */,
				D44DBDA21C537B5D003DC32A /* AppDelegate.swift in Sources */,
				D49084421C7AE7A800DB16D7 /* Common.swift in Sources */,
				D49084431C7AE7A800DB16D7 /* HealthManager.swift in Sources */,
			);
			runOnlyForDeploymentPostprocessing = 0;
		};
/* End PBXSourcesBuildPhase section */

/* Begin PBXVariantGroup section */
		D44DBDA51C537B5D003DC32A /* Main.storyboard */ = {
			isa = PBXVariantGroup;
			children = (
				D44DBDA61C537B5D003DC32A /* Base */,
			);
			name = Main.storyboard;
			sourceTree = "<group>";
		};
		D44DBDAA1C537B5D003DC32A /* LaunchScreen.storyboard */ = {
			isa = PBXVariantGroup;
			children = (
				D44DBDAB1C537B5D003DC32A /* Base */,
			);
			name = LaunchScreen.storyboard;
			sourceTree = "<group>";
		};
		D490842E1C7AE7A800DB16D7 /* LaunchScreen.storyboard */ = {
			isa = PBXVariantGroup;
			children = (
				D490842F1C7AE7A800DB16D7 /* Base */,
			);
			name = LaunchScreen.storyboard;
			sourceTree = "<group>";
		};
		D49084301C7AE7A800DB16D7 /* Main.storyboard */ = {
			isa = PBXVariantGroup;
			children = (
				D49084311C7AE7A800DB16D7 /* Base */,
			);
			name = Main.storyboard;
			sourceTree = "<group>";
		};
/* End PBXVariantGroup section */

/* Begin XCBuildConfiguration section */
		D44DBDAE1C537B5D003DC32A /* Debug */ = {
			isa = XCBuildConfiguration;
			buildSettings = {
				ALWAYS_SEARCH_USER_PATHS = NO;
				CLANG_CXX_LANGUAGE_STANDARD = "gnu++0x";
				CLANG_CXX_LIBRARY = "libc++";
				CLANG_ENABLE_MODULES = YES;
				CLANG_ENABLE_OBJC_ARC = YES;
				CLANG_WARN_BOOL_CONVERSION = YES;
				CLANG_WARN_CONSTANT_CONVERSION = YES;
				CLANG_WARN_DIRECT_OBJC_ISA_USAGE = YES_ERROR;
				CLANG_WARN_EMPTY_BODY = YES;
				CLANG_WARN_ENUM_CONVERSION = YES;
				CLANG_WARN_INT_CONVERSION = YES;
				CLANG_WARN_OBJC_ROOT_CLASS = YES_ERROR;
				CLANG_WARN_UNREACHABLE_CODE = YES;
				CLANG_WARN__DUPLICATE_METHOD_MATCH = YES;
				"CODE_SIGN_IDENTITY[sdk=iphoneos*]" = "iPhone Developer";
				COPY_PHASE_STRIP = NO;
				DEBUG_INFORMATION_FORMAT = dwarf;
				ENABLE_STRICT_OBJC_MSGSEND = YES;
				ENABLE_TESTABILITY = YES;
				GCC_C_LANGUAGE_STANDARD = gnu99;
				GCC_DYNAMIC_NO_PIC = NO;
				GCC_NO_COMMON_BLOCKS = YES;
				GCC_OPTIMIZATION_LEVEL = 0;
				GCC_PREPROCESSOR_DEFINITIONS = (
					"DEBUG=1",
					"$(inherited)",
				);
				GCC_WARN_64_TO_32_BIT_CONVERSION = YES;
				GCC_WARN_ABOUT_RETURN_TYPE = YES_ERROR;
				GCC_WARN_UNDECLARED_SELECTOR = YES;
				GCC_WARN_UNINITIALIZED_AUTOS = YES_AGGRESSIVE;
				GCC_WARN_UNUSED_FUNCTION = YES;
				GCC_WARN_UNUSED_VARIABLE = YES;
				IPHONEOS_DEPLOYMENT_TARGET = 9.2;
				MTL_ENABLE_DEBUG_INFO = YES;
				ONLY_ACTIVE_ARCH = YES;
				SDKROOT = iphoneos;
				SWIFT_OPTIMIZATION_LEVEL = "-Onone";
			};
			name = Debug;
		};
		D44DBDAF1C537B5D003DC32A /* Release */ = {
			isa = XCBuildConfiguration;
			buildSettings = {
				ALWAYS_SEARCH_USER_PATHS = NO;
				CLANG_CXX_LANGUAGE_STANDARD = "gnu++0x";
				CLANG_CXX_LIBRARY = "libc++";
				CLANG_ENABLE_MODULES = YES;
				CLANG_ENABLE_OBJC_ARC = YES;
				CLANG_WARN_BOOL_CONVERSION = YES;
				CLANG_WARN_CONSTANT_CONVERSION = YES;
				CLANG_WARN_DIRECT_OBJC_ISA_USAGE = YES_ERROR;
				CLANG_WARN_EMPTY_BODY = YES;
				CLANG_WARN_ENUM_CONVERSION = YES;
				CLANG_WARN_INT_CONVERSION = YES;
				CLANG_WARN_OBJC_ROOT_CLASS = YES_ERROR;
				CLANG_WARN_UNREACHABLE_CODE = YES;
				CLANG_WARN__DUPLICATE_METHOD_MATCH = YES;
				"CODE_SIGN_IDENTITY[sdk=iphoneos*]" = "iPhone Developer";
				COPY_PHASE_STRIP = NO;
				DEBUG_INFORMATION_FORMAT = "dwarf-with-dsym";
				ENABLE_NS_ASSERTIONS = NO;
				ENABLE_STRICT_OBJC_MSGSEND = YES;
				GCC_C_LANGUAGE_STANDARD = gnu99;
				GCC_NO_COMMON_BLOCKS = YES;
				GCC_WARN_64_TO_32_BIT_CONVERSION = YES;
				GCC_WARN_ABOUT_RETURN_TYPE = YES_ERROR;
				GCC_WARN_UNDECLARED_SELECTOR = YES;
				GCC_WARN_UNINITIALIZED_AUTOS = YES_AGGRESSIVE;
				GCC_WARN_UNUSED_FUNCTION = YES;
				GCC_WARN_UNUSED_VARIABLE = YES;
				IPHONEOS_DEPLOYMENT_TARGET = 9.2;
				MTL_ENABLE_DEBUG_INFO = NO;
				SDKROOT = iphoneos;
				VALIDATE_PRODUCT = YES;
			};
			name = Release;
		};
		D44DBDB11C537B5D003DC32A /* Debug */ = {
			isa = XCBuildConfiguration;
			buildSettings = {
				ASSETCATALOG_COMPILER_APPICON_NAME = AppIcon;
				INFOPLIST_FILE = ViewsValue/Info.plist;
				IPHONEOS_DEPLOYMENT_TARGET = 8.0;
				LD_RUNPATH_SEARCH_PATHS = "$(inherited) @executable_path/Frameworks";
				PRODUCT_BUNDLE_IDENTIFIER = com.ViewsValue;
				PRODUCT_NAME = "$(TARGET_NAME)";
			};
			name = Debug;
		};
		D44DBDB21C537B5D003DC32A /* Release */ = {
			isa = XCBuildConfiguration;
			buildSettings = {
				ASSETCATALOG_COMPILER_APPICON_NAME = AppIcon;
				INFOPLIST_FILE = ViewsValue/Info.plist;
				IPHONEOS_DEPLOYMENT_TARGET = 8.0;
				LD_RUNPATH_SEARCH_PATHS = "$(inherited) @executable_path/Frameworks";
				PRODUCT_BUNDLE_IDENTIFIER = com.ViewsValue;
				PRODUCT_NAME = "$(TARGET_NAME)";
			};
			name = Release;
		};
/* End XCBuildConfiguration section */

/* Begin XCConfigurationList section */
		D44DBD991C537B5D003DC32A /* Build configuration list for PBXProject "ViewsValue" */ = {
			isa = XCConfigurationList;
			buildConfigurations = (
				D44DBDAE1C537B5D003DC32A /* Debug */,
				D44DBDAF1C537B5D003DC32A /* Release */,
			);
			defaultConfigurationIsVisible = 0;
			defaultConfigurationName = Release;
		};
		D44DBDB01C537B5D003DC32A /* Build configuration list for PBXNativeTarget "ViewsValue" */ = {
			isa = XCConfigurationList;
			buildConfigurations = (
				D44DBDB11C537B5D003DC32A /* Debug */,
				D44DBDB21C537B5D003DC32A /* Release */,
			);
			defaultConfigurationIsVisible = 0;
			defaultConfigurationName = Release;
		};
/* End XCConfigurationList section */
	};
	rootObject = D44DBD961C537B5D003DC32A /* Project object */;
}
